// !$*UTF8*$!
{
	archiveVersion = 1;
	classes = {
	};
	objectVersion = 48;
	objects = {

/* Begin PBXBuildFile section */
		02E905971E5B46D00A0803AB /* libPods-MessageJudgeExt.a in Frameworks */ = {isa = PBXBuildFile; fileRef = A446DE6A683A6CC79F701EC8 /* libPods-MessageJudgeExt.a */; };
		92A5515F9729D7849A511170 /* libPods-MessageJudge.a in Frameworks */ = {isa = PBXBuildFile; fileRef = CCFB7EAC5EF29A69928E13BD /* libPods-MessageJudge.a */; };
		9B55A0B8C1F18FA156BD94D2 /* libPods-MessageJudgeTests.a in Frameworks */ = {isa = PBXBuildFile; fileRef = BA08EF5608D603D4156095F7 /* libPods-MessageJudgeTests.a */; };
		C20FD1D61EED3DC200F14388 /* InfoPlist.strings in Resources */ = {isa = PBXBuildFile; fileRef = C20FD1D81EED3DC200F14388 /* InfoPlist.strings */; };
		C20FD1DB1EED3E6800F14388 /* Localizable.strings in Resources */ = {isa = PBXBuildFile; fileRef = C20FD1DD1EED3E6800F14388 /* Localizable.strings */; };
		C21D81911EE9B7C80080F8CA /* MessageJudgeTests.m in Sources */ = {isa = PBXBuildFile; fileRef = C21D81901EE9B7C80080F8CA /* MessageJudgeTests.m */; };
		C21FDFEF1EED74BC006B7CCB /* MJGroupViewController.m in Sources */ = {isa = PBXBuildFile; fileRef = C21FDFEE1EED74BC006B7CCB /* MJGroupViewController.m */; };
		C21FDFF21EED77B4006B7CCB /* MJConditionCell.m in Sources */ = {isa = PBXBuildFile; fileRef = C21FDFF11EED77B4006B7CCB /* MJConditionCell.m */; };
		C227FC9B1EEA87B6008B6F2F /* MJQueryRequest.m in Sources */ = {isa = PBXBuildFile; fileRef = C227FC9A1EEA87B6008B6F2F /* MJQueryRequest.m */; };
		C227FC9C1EEA87B6008B6F2F /* MJQueryRequest.m in Sources */ = {isa = PBXBuildFile; fileRef = C227FC9A1EEA87B6008B6F2F /* MJQueryRequest.m */; };
		C227FC9D1EEA87B6008B6F2F /* MJQueryRequest.m in Sources */ = {isa = PBXBuildFile; fileRef = C227FC9A1EEA87B6008B6F2F /* MJQueryRequest.m */; };
		C24034FE1EE9C14900AE3122 /* MJCondition.m in Sources */ = {isa = PBXBuildFile; fileRef = C293E31A1EE962BB00195831 /* MJCondition.m */; };
		C24034FF1EE9C4A500AE3122 /* MJConditionGroup.m in Sources */ = {isa = PBXBuildFile; fileRef = C293E31D1EE9799200195831 /* MJConditionGroup.m */; };
		C24035001EE9C4A800AE3122 /* MJJudgementRule.m in Sources */ = {isa = PBXBuildFile; fileRef = C293E3171EE9625800195831 /* MJJudgementRule.m */; };
		C247223B1EE934EF0092DF98 /* AppDelegate.m in Sources */ = {isa = PBXBuildFile; fileRef = C247223A1EE934EF0092DF98 /* AppDelegate.m */; };
		C24722411EE934EF0092DF98 /* Main.storyboard in Resources */ = {isa = PBXBuildFile; fileRef = C247223F1EE934EF0092DF98 /* Main.storyboard */; };
		C24722431EE934EF0092DF98 /* Assets.xcassets in Resources */ = {isa = PBXBuildFile; fileRef = C24722421EE934EF0092DF98 /* Assets.xcassets */; };
		C24722461EE934EF0092DF98 /* LaunchScreen.storyboard in Resources */ = {isa = PBXBuildFile; fileRef = C24722441EE934EF0092DF98 /* LaunchScreen.storyboard */; };
		C24722491EE934EF0092DF98 /* main.m in Sources */ = {isa = PBXBuildFile; fileRef = C24722481EE934EF0092DF98 /* main.m */; };
		C24722571EE935230092DF98 /* MessageFilterExtension.m in Sources */ = {isa = PBXBuildFile; fileRef = C24722561EE935230092DF98 /* MessageFilterExtension.m */; };
		C247225B1EE935230092DF98 /* MessageJudgeExt.appex in Embed App Extensions */ = {isa = PBXBuildFile; fileRef = C24722531EE935230092DF98 /* MessageJudgeExt.appex */; settings = {ATTRIBUTES = (RemoveHeadersOnCopy, ); }; };
		C29321BC1EED433200D60C4B /* MJGroupCell.m in Sources */ = {isa = PBXBuildFile; fileRef = C29321BB1EED433200D60C4B /* MJGroupCell.m */; };
		C293E3181EE9625800195831 /* MJJudgementRule.m in Sources */ = {isa = PBXBuildFile; fileRef = C293E3171EE9625800195831 /* MJJudgementRule.m */; };
		C293E31B1EE962BB00195831 /* MJCondition.m in Sources */ = {isa = PBXBuildFile; fileRef = C293E31A1EE962BB00195831 /* MJCondition.m */; };
		C293E31E1EE9799200195831 /* MJConditionGroup.m in Sources */ = {isa = PBXBuildFile; fileRef = C293E31D1EE9799200195831 /* MJConditionGroup.m */; };
		C2978F8D1EE9D4AD00A57597 /* MJTabBarController.m in Sources */ = {isa = PBXBuildFile; fileRef = C2978F8C1EE9D4AD00A57597 /* MJTabBarController.m */; };
		C2A7412D1EEDB58600D8BCDF /* MJConditionViewController.m in Sources */ = {isa = PBXBuildFile; fileRef = C2A7412C1EEDB58600D8BCDF /* MJConditionViewController.m */; };
		C2CEAA151EE98393005E9E33 /* MJJudgementRule.m in Sources */ = {isa = PBXBuildFile; fileRef = C293E3171EE9625800195831 /* MJJudgementRule.m */; };
		C2CEAA161EE98397005E9E33 /* MJConditionGroup.m in Sources */ = {isa = PBXBuildFile; fileRef = C293E31D1EE9799200195831 /* MJConditionGroup.m */; };
		C2CEAA171EE98399005E9E33 /* MJCondition.m in Sources */ = {isa = PBXBuildFile; fileRef = C293E31A1EE962BB00195831 /* MJCondition.m */; };
		C2E6CD611EED362D00167420 /* MJGroupListViewController.m in Sources */ = {isa = PBXBuildFile; fileRef = C2E6CD601EED362D00167420 /* MJGroupListViewController.m */; };
/* End PBXBuildFile section */

/* Begin PBXContainerItemProxy section */
		C21D81931EE9B7C80080F8CA /* PBXContainerItemProxy */ = {
			isa = PBXContainerItemProxy;
			containerPortal = C247222E1EE934EF0092DF98 /* Project object */;
			proxyType = 1;
			remoteGlobalIDString = C24722351EE934EF0092DF98;
			remoteInfo = MessageJudge;
		};
		C24722591EE935230092DF98 /* PBXContainerItemProxy */ = {
			isa = PBXContainerItemProxy;
			containerPortal = C247222E1EE934EF0092DF98 /* Project object */;
			proxyType = 1;
			remoteGlobalIDString = C24722521EE935230092DF98;
			remoteInfo = MessageJudgeExt;
		};
/* End PBXContainerItemProxy section */

/* Begin PBXCopyFilesBuildPhase section */
		C247225F1EE935230092DF98 /* Embed App Extensions */ = {
			isa = PBXCopyFilesBuildPhase;
			buildActionMask = 2147483647;
			dstPath = "";
			dstSubfolderSpec = 13;
			files = (
				C247225B1EE935230092DF98 /* MessageJudgeExt.appex in Embed App Extensions */,
			);
			name = "Embed App Extensions";
			runOnlyForDeploymentPostprocessing = 0;
		};
/* End PBXCopyFilesBuildPhase section */

/* Begin PBXFileReference section */
		194404AE92DF5356DB6E383C /* Pods-MessageJudgeTests.debug.xcconfig */ = {isa = PBXFileReference; includeInIndex = 1; lastKnownFileType = text.xcconfig; name = "Pods-MessageJudgeTests.debug.xcconfig"; path = "Pods/Target Support Files/Pods-MessageJudgeTests/Pods-MessageJudgeTests.debug.xcconfig"; sourceTree = "<group>"; };
		24AC430F2634549108DBF174 /* Pods-MessageJudgeExt.debug.xcconfig */ = {isa = PBXFileReference; includeInIndex = 1; lastKnownFileType = text.xcconfig; name = "Pods-MessageJudgeExt.debug.xcconfig"; path = "Pods/Target Support Files/Pods-MessageJudgeExt/Pods-MessageJudgeExt.debug.xcconfig"; sourceTree = "<group>"; };
		2C3B29E810D7ABD3DB9C754A /* Pods-MessageJudge.debug.xcconfig */ = {isa = PBXFileReference; includeInIndex = 1; lastKnownFileType = text.xcconfig; name = "Pods-MessageJudge.debug.xcconfig"; path = "Pods/Target Support Files/Pods-MessageJudge/Pods-MessageJudge.debug.xcconfig"; sourceTree = "<group>"; };
		7E6F4C471C074B968F5D7C57 /* Pods-MessageJudgeTests.release.xcconfig */ = {isa = PBXFileReference; includeInIndex = 1; lastKnownFileType = text.xcconfig; name = "Pods-MessageJudgeTests.release.xcconfig"; path = "Pods/Target Support Files/Pods-MessageJudgeTests/Pods-MessageJudgeTests.release.xcconfig"; sourceTree = "<group>"; };
		9E55E87D19FA86B45642946F /* Pods-MessageJudge.release.xcconfig */ = {isa = PBXFileReference; includeInIndex = 1; lastKnownFileType = text.xcconfig; name = "Pods-MessageJudge.release.xcconfig"; path = "Pods/Target Support Files/Pods-MessageJudge/Pods-MessageJudge.release.xcconfig"; sourceTree = "<group>"; };
		A446DE6A683A6CC79F701EC8 /* libPods-MessageJudgeExt.a */ = {isa = PBXFileReference; explicitFileType = archive.ar; includeInIndex = 0; path = "libPods-MessageJudgeExt.a"; sourceTree = BUILT_PRODUCTS_DIR; };
		BA08EF5608D603D4156095F7 /* libPods-MessageJudgeTests.a */ = {isa = PBXFileReference; explicitFileType = archive.ar; includeInIndex = 0; path = "libPods-MessageJudgeTests.a"; sourceTree = BUILT_PRODUCTS_DIR; };
		C20FD1D21EED3C6A00F14388 /* zh-Hans */ = {isa = PBXFileReference; lastKnownFileType = text.plist.strings; name = "zh-Hans"; path = "zh-Hans.lproj/LaunchScreen.strings"; sourceTree = "<group>"; };
		C20FD1D71EED3DC200F14388 /* zh-Hans */ = {isa = PBXFileReference; lastKnownFileType = text.plist.strings; name = "zh-Hans"; path = "zh-Hans.lproj/InfoPlist.strings"; sourceTree = "<group>"; };
		C20FD1DC1EED3E6800F14388 /* zh-Hans */ = {isa = PBXFileReference; lastKnownFileType = text.plist.strings; name = "zh-Hans"; path = "zh-Hans.lproj/Localizable.strings"; sourceTree = "<group>"; };
		C20FD1DF1EED3EE600F14388 /* GlobalDefine.h */ = {isa = PBXFileReference; lastKnownFileType = sourcecode.c.h; path = GlobalDefine.h; sourceTree = "<group>"; };
		C21D818E1EE9B7C80080F8CA /* MessageJudgeTests.xctest */ = {isa = PBXFileReference; explicitFileType = wrapper.cfbundle; includeInIndex = 0; path = MessageJudgeTests.xctest; sourceTree = BUILT_PRODUCTS_DIR; };
		C21D81901EE9B7C80080F8CA /* MessageJudgeTests.m */ = {isa = PBXFileReference; lastKnownFileType = sourcecode.c.objc; path = MessageJudgeTests.m; sourceTree = "<group>"; };
		C21D81921EE9B7C80080F8CA /* Info.plist */ = {isa = PBXFileReference; lastKnownFileType = text.plist.xml; path = Info.plist; sourceTree = "<group>"; };
		C21FDFED1EED74BC006B7CCB /* MJGroupViewController.h */ = {isa = PBXFileReference; lastKnownFileType = sourcecode.c.h; path = MJGroupViewController.h; sourceTree = "<group>"; };
		C21FDFEE1EED74BC006B7CCB /* MJGroupViewController.m */ = {isa = PBXFileReference; lastKnownFileType = sourcecode.c.objc; path = MJGroupViewController.m; sourceTree = "<group>"; };
		C21FDFF01EED77B4006B7CCB /* MJConditionCell.h */ = {isa = PBXFileReference; lastKnownFileType = sourcecode.c.h; path = MJConditionCell.h; sourceTree = "<group>"; };
		C21FDFF11EED77B4006B7CCB /* MJConditionCell.m */ = {isa = PBXFileReference; lastKnownFileType = sourcecode.c.objc; path = MJConditionCell.m; sourceTree = "<group>"; };
		C227FC991EEA87B6008B6F2F /* MJQueryRequest.h */ = {isa = PBXFileReference; lastKnownFileType = sourcecode.c.h; path = MJQueryRequest.h; sourceTree = "<group>"; };
		C227FC9A1EEA87B6008B6F2F /* MJQueryRequest.m */ = {isa = PBXFileReference; lastKnownFileType = sourcecode.c.objc; path = MJQueryRequest.m; sourceTree = "<group>"; };
		C24722361EE934EF0092DF98 /* MessageJudge.app */ = {isa = PBXFileReference; explicitFileType = wrapper.application; includeInIndex = 0; path = MessageJudge.app; sourceTree = BUILT_PRODUCTS_DIR; };
		C24722391EE934EF0092DF98 /* AppDelegate.h */ = {isa = PBXFileReference; lastKnownFileType = sourcecode.c.h; path = AppDelegate.h; sourceTree = "<group>"; };
		C247223A1EE934EF0092DF98 /* AppDelegate.m */ = {isa = PBXFileReference; lastKnownFileType = sourcecode.c.objc; path = AppDelegate.m; sourceTree = "<group>"; };
		C24722401EE934EF0092DF98 /* Base */ = {isa = PBXFileReference; lastKnownFileType = file.storyboard; name = Base; path = Base.lproj/Main.storyboard; sourceTree = "<group>"; };
		C24722421EE934EF0092DF98 /* Assets.xcassets */ = {isa = PBXFileReference; lastKnownFileType = folder.assetcatalog; path = Assets.xcassets; sourceTree = "<group>"; };
		C24722451EE934EF0092DF98 /* Base */ = {isa = PBXFileReference; lastKnownFileType = file.storyboard; name = Base; path = Base.lproj/LaunchScreen.storyboard; sourceTree = "<group>"; };
		C24722471EE934EF0092DF98 /* Info.plist */ = {isa = PBXFileReference; lastKnownFileType = text.plist.xml; path = Info.plist; sourceTree = "<group>"; };
		C24722481EE934EF0092DF98 /* main.m */ = {isa = PBXFileReference; lastKnownFileType = sourcecode.c.objc; path = main.m; sourceTree = "<group>"; };
		C24722531EE935230092DF98 /* MessageJudgeExt.appex */ = {isa = PBXFileReference; explicitFileType = "wrapper.app-extension"; includeInIndex = 0; path = MessageJudgeExt.appex; sourceTree = BUILT_PRODUCTS_DIR; };
		C24722551EE935230092DF98 /* MessageFilterExtension.h */ = {isa = PBXFileReference; lastKnownFileType = sourcecode.c.h; path = MessageFilterExtension.h; sourceTree = "<group>"; };
		C24722561EE935230092DF98 /* MessageFilterExtension.m */ = {isa = PBXFileReference; lastKnownFileType = sourcecode.c.objc; path = MessageFilterExtension.m; sourceTree = "<group>"; };
		C24722581EE935230092DF98 /* Info.plist */ = {isa = PBXFileReference; lastKnownFileType = text.plist.xml; path = Info.plist; sourceTree = "<group>"; };
		C24722601EE937120092DF98 /* MessageJudge.entitlements */ = {isa = PBXFileReference; lastKnownFileType = text.plist.entitlements; path = MessageJudge.entitlements; sourceTree = "<group>"; };
		C24722611EE937680092DF98 /* MessageJudgeExt.entitlements */ = {isa = PBXFileReference; lastKnownFileType = text.plist.entitlements; path = MessageJudgeExt.entitlements; sourceTree = "<group>"; };
		C29321BA1EED433200D60C4B /* MJGroupCell.h */ = {isa = PBXFileReference; lastKnownFileType = sourcecode.c.h; path = MJGroupCell.h; sourceTree = "<group>"; };
		C29321BB1EED433200D60C4B /* MJGroupCell.m */ = {isa = PBXFileReference; lastKnownFileType = sourcecode.c.objc; path = MJGroupCell.m; sourceTree = "<group>"; };
		C293E3161EE9625800195831 /* MJJudgementRule.h */ = {isa = PBXFileReference; lastKnownFileType = sourcecode.c.h; path = MJJudgementRule.h; sourceTree = "<group>"; };
		C293E3171EE9625800195831 /* MJJudgementRule.m */ = {isa = PBXFileReference; lastKnownFileType = sourcecode.c.objc; path = MJJudgementRule.m; sourceTree = "<group>"; };
		C293E3191EE962BB00195831 /* MJCondition.h */ = {isa = PBXFileReference; lastKnownFileType = sourcecode.c.h; path = MJCondition.h; sourceTree = "<group>"; };
		C293E31A1EE962BB00195831 /* MJCondition.m */ = {isa = PBXFileReference; lastKnownFileType = sourcecode.c.objc; path = MJCondition.m; sourceTree = "<group>"; };
		C293E31C1EE9799200195831 /* MJConditionGroup.h */ = {isa = PBXFileReference; lastKnownFileType = sourcecode.c.h; path = MJConditionGroup.h; sourceTree = "<group>"; };
		C293E31D1EE9799200195831 /* MJConditionGroup.m */ = {isa = PBXFileReference; lastKnownFileType = sourcecode.c.objc; path = MJConditionGroup.m; sourceTree = "<group>"; };
		C2978F8B1EE9D4AD00A57597 /* MJTabBarController.h */ = {isa = PBXFileReference; lastKnownFileType = sourcecode.c.h; path = MJTabBarController.h; sourceTree = "<group>"; };
		C2978F8C1EE9D4AD00A57597 /* MJTabBarController.m */ = {isa = PBXFileReference; lastKnownFileType = sourcecode.c.objc; path = MJTabBarController.m; sourceTree = "<group>"; };
		C2A7412B1EEDB58600D8BCDF /* MJConditionViewController.h */ = {isa = PBXFileReference; lastKnownFileType = sourcecode.c.h; path = MJConditionViewController.h; sourceTree = "<group>"; };
		C2A7412C1EEDB58600D8BCDF /* MJConditionViewController.m */ = {isa = PBXFileReference; lastKnownFileType = sourcecode.c.objc; path = MJConditionViewController.m; sourceTree = "<group>"; };
		C2E6CD5F1EED362D00167420 /* MJGroupListViewController.h */ = {isa = PBXFileReference; lastKnownFileType = sourcecode.c.h; path = MJGroupListViewController.h; sourceTree = "<group>"; };
		C2E6CD601EED362D00167420 /* MJGroupListViewController.m */ = {isa = PBXFileReference; lastKnownFileType = sourcecode.c.objc; path = MJGroupListViewController.m; sourceTree = "<group>"; };
		CAEFF1AF207FD034D49CC218 /* Pods-MessageJudgeExt.release.xcconfig */ = {isa = PBXFileReference; includeInIndex = 1; lastKnownFileType = text.xcconfig; name = "Pods-MessageJudgeExt.release.xcconfig"; path = "Pods/Target Support Files/Pods-MessageJudgeExt/Pods-MessageJudgeExt.release.xcconfig"; sourceTree = "<group>"; };
		CCFB7EAC5EF29A69928E13BD /* libPods-MessageJudge.a */ = {isa = PBXFileReference; explicitFileType = archive.ar; includeInIndex = 0; path = "libPods-MessageJudge.a"; sourceTree = BUILT_PRODUCTS_DIR; };
/* End PBXFileReference section */

/* Begin PBXFrameworksBuildPhase section */
		C21D818B1EE9B7C80080F8CA /* Frameworks */ = {
			isa = PBXFrameworksBuildPhase;
			buildActionMask = 2147483647;
			files = (
				9B55A0B8C1F18FA156BD94D2 /* libPods-MessageJudgeTests.a in Frameworks */,
			);
			runOnlyForDeploymentPostprocessing = 0;
		};
		C24722331EE934EF0092DF98 /* Frameworks */ = {
			isa = PBXFrameworksBuildPhase;
			buildActionMask = 2147483647;
			files = (
				92A5515F9729D7849A511170 /* libPods-MessageJudge.a in Frameworks */,
			);
			runOnlyForDeploymentPostprocessing = 0;
		};
		C24722501EE935230092DF98 /* Frameworks */ = {
			isa = PBXFrameworksBuildPhase;
			buildActionMask = 2147483647;
			files = (
				02E905971E5B46D00A0803AB /* libPods-MessageJudgeExt.a in Frameworks */,
			);
			runOnlyForDeploymentPostprocessing = 0;
		};
/* End PBXFrameworksBuildPhase section */

/* Begin PBXGroup section */
		6322D5A1B31FB82D6A7B580C /* Pods */ = {
			isa = PBXGroup;
			children = (
				2C3B29E810D7ABD3DB9C754A /* Pods-MessageJudge.debug.xcconfig */,
				9E55E87D19FA86B45642946F /* Pods-MessageJudge.release.xcconfig */,
				24AC430F2634549108DBF174 /* Pods-MessageJudgeExt.debug.xcconfig */,
				CAEFF1AF207FD034D49CC218 /* Pods-MessageJudgeExt.release.xcconfig */,
				194404AE92DF5356DB6E383C /* Pods-MessageJudgeTests.debug.xcconfig */,
				7E6F4C471C074B968F5D7C57 /* Pods-MessageJudgeTests.release.xcconfig */,
			);
			name = Pods;
			sourceTree = "<group>";
		};
		978144A410873AC1D9EDC7AE /* Frameworks */ = {
			isa = PBXGroup;
			children = (
				CCFB7EAC5EF29A69928E13BD /* libPods-MessageJudge.a */,
				A446DE6A683A6CC79F701EC8 /* libPods-MessageJudgeExt.a */,
				BA08EF5608D603D4156095F7 /* libPods-MessageJudgeTests.a */,
			);
			name = Frameworks;
			sourceTree = "<group>";
		};
		C20FD1D31EED3CE000F14388 /* I18n */ = {
			isa = PBXGroup;
			children = (
				C20FD1D81EED3DC200F14388 /* InfoPlist.strings */,
				C20FD1DD1EED3E6800F14388 /* Localizable.strings */,
			);
			path = I18n;
			sourceTree = "<group>";
		};
		C21D818F1EE9B7C80080F8CA /* MessageJudgeTests */ = {
			isa = PBXGroup;
			children = (
				C21D81901EE9B7C80080F8CA /* MessageJudgeTests.m */,
				C21D81921EE9B7C80080F8CA /* Info.plist */,
			);
			path = MessageJudgeTests;
			sourceTree = "<group>";
		};
		C247222D1EE934EF0092DF98 = {
			isa = PBXGroup;
			children = (
				C24722381EE934EF0092DF98 /* MessageJudge */,
				C24722541EE935230092DF98 /* MessageJudgeExt */,
				C21D818F1EE9B7C80080F8CA /* MessageJudgeTests */,
				C24722371EE934EF0092DF98 /* Products */,
				6322D5A1B31FB82D6A7B580C /* Pods */,
				978144A410873AC1D9EDC7AE /* Frameworks */,
			);
			sourceTree = "<group>";
		};
		C24722371EE934EF0092DF98 /* Products */ = {
			isa = PBXGroup;
			children = (
				C24722361EE934EF0092DF98 /* MessageJudge.app */,
				C24722531EE935230092DF98 /* MessageJudgeExt.appex */,
				C21D818E1EE9B7C80080F8CA /* MessageJudgeTests.xctest */,
			);
			name = Products;
			sourceTree = "<group>";
		};
		C24722381EE934EF0092DF98 /* MessageJudge */ = {
			isa = PBXGroup;
			children = (
				C20FD1D31EED3CE000F14388 /* I18n */,
				C2E6CD5C1EED35F900167420 /* Interface */,
				C2978F8E1EE9D4B500A57597 /* Rule */,
				C24722601EE937120092DF98 /* MessageJudge.entitlements */,
				C24722391EE934EF0092DF98 /* AppDelegate.h */,
				C247223A1EE934EF0092DF98 /* AppDelegate.m */,
				C247223F1EE934EF0092DF98 /* Main.storyboard */,
				C24722421EE934EF0092DF98 /* Assets.xcassets */,
				C24722441EE934EF0092DF98 /* LaunchScreen.storyboard */,
				C24722471EE934EF0092DF98 /* Info.plist */,
				C24722481EE934EF0092DF98 /* main.m */,
				C20FD1DF1EED3EE600F14388 /* GlobalDefine.h */,
			);
			path = MessageJudge;
			sourceTree = "<group>";
		};
		C24722541EE935230092DF98 /* MessageJudgeExt */ = {
			isa = PBXGroup;
			children = (
				C24722611EE937680092DF98 /* MessageJudgeExt.entitlements */,
				C24722551EE935230092DF98 /* MessageFilterExtension.h */,
				C24722561EE935230092DF98 /* MessageFilterExtension.m */,
				C24722581EE935230092DF98 /* Info.plist */,
			);
			path = MessageJudgeExt;
			sourceTree = "<group>";
		};
		C25A40A11EEDA048005D4F17 /* ConditionGroup */ = {
			isa = PBXGroup;
			children = (
				C21FDFED1EED74BC006B7CCB /* MJGroupViewController.h */,
				C21FDFEE1EED74BC006B7CCB /* MJGroupViewController.m */,
				C21FDFF01EED77B4006B7CCB /* MJConditionCell.h */,
				C21FDFF11EED77B4006B7CCB /* MJConditionCell.m */,
				C2A7412B1EEDB58600D8BCDF /* MJConditionViewController.h */,
				C2A7412C1EEDB58600D8BCDF /* MJConditionViewController.m */,
			);
			path = ConditionGroup;
			sourceTree = "<group>";
		};
		C2978F8E1EE9D4B500A57597 /* Rule */ = {
			isa = PBXGroup;
			children = (
				C293E3161EE9625800195831 /* MJJudgementRule.h */,
				C293E3171EE9625800195831 /* MJJudgementRule.m */,
				C293E31C1EE9799200195831 /* MJConditionGroup.h */,
				C293E31D1EE9799200195831 /* MJConditionGroup.m */,
				C293E3191EE962BB00195831 /* MJCondition.h */,
				C293E31A1EE962BB00195831 /* MJCondition.m */,
				C227FC991EEA87B6008B6F2F /* MJQueryRequest.h */,
				C227FC9A1EEA87B6008B6F2F /* MJQueryRequest.m */,
			);
			path = Rule;
			sourceTree = "<group>";
		};
		C2E6CD5C1EED35F900167420 /* Interface */ = {
			isa = PBXGroup;
			children = (
				C25A40A11EEDA048005D4F17 /* ConditionGroup */,
				C2E6CD5E1EED361500167420 /* GroupList */,
				C2E6CD5D1EED360B00167420 /* Tabbar */,
			);
			path = Interface;
			sourceTree = "<group>";
		};
		C2E6CD5D1EED360B00167420 /* Tabbar */ = {
			isa = PBXGroup;
			children = (
				C2978F8B1EE9D4AD00A57597 /* MJTabBarController.h */,
				C2978F8C1EE9D4AD00A57597 /* MJTabBarController.m */,
			);
			path = Tabbar;
			sourceTree = "<group>";
		};
		C2E6CD5E1EED361500167420 /* GroupList */ = {
			isa = PBXGroup;
			children = (
				C2E6CD5F1EED362D00167420 /* MJGroupListViewController.h */,
				C2E6CD601EED362D00167420 /* MJGroupListViewController.m */,
				C29321BA1EED433200D60C4B /* MJGroupCell.h */,
				C29321BB1EED433200D60C4B /* MJGroupCell.m */,
			);
			path = GroupList;
			sourceTree = "<group>";
		};
/* End PBXGroup section */

/* Begin PBXNativeTarget section */
		C21D818D1EE9B7C80080F8CA /* MessageJudgeTests */ = {
			isa = PBXNativeTarget;
			buildConfigurationList = C21D81971EE9B7C80080F8CA /* Build configuration list for PBXNativeTarget "MessageJudgeTests" */;
			buildPhases = (
				ECFDB7DB0C734C7A4E660518 /* [CP] Check Pods Manifest.lock */,
				C21D818A1EE9B7C80080F8CA /* Sources */,
				C21D818B1EE9B7C80080F8CA /* Frameworks */,
				C21D818C1EE9B7C80080F8CA /* Resources */,
				005154BECC6244A1E99BAAD5 /* [CP] Embed Pods Frameworks */,
				0F58557ECF292049809C644A /* [CP] Copy Pods Resources */,
			);
			buildRules = (
			);
			dependencies = (
				C21D81941EE9B7C80080F8CA /* PBXTargetDependency */,
			);
			name = MessageJudgeTests;
			productName = MessageJudgeTests;
			productReference = C21D818E1EE9B7C80080F8CA /* MessageJudgeTests.xctest */;
			productType = "com.apple.product-type.bundle.unit-test";
		};
		C24722351EE934EF0092DF98 /* MessageJudge */ = {
			isa = PBXNativeTarget;
			buildConfigurationList = C247224C1EE934EF0092DF98 /* Build configuration list for PBXNativeTarget "MessageJudge" */;
			buildPhases = (
				FA95E3DE357C7FDDFAE75D95 /* [CP] Check Pods Manifest.lock */,
				C24722321EE934EF0092DF98 /* Sources */,
				C24722331EE934EF0092DF98 /* Frameworks */,
				C24722341EE934EF0092DF98 /* Resources */,
				C247225F1EE935230092DF98 /* Embed App Extensions */,
				B2B24DCD603E99C45F2E0352 /* [CP] Embed Pods Frameworks */,
				D1B0EAC98F8D400DFC6BAC12 /* [CP] Copy Pods Resources */,
			);
			buildRules = (
			);
			dependencies = (
				C247225A1EE935230092DF98 /* PBXTargetDependency */,
			);
			name = MessageJudge;
			productName = MessageJudge;
			productReference = C24722361EE934EF0092DF98 /* MessageJudge.app */;
			productType = "com.apple.product-type.application";
		};
		C24722521EE935230092DF98 /* MessageJudgeExt */ = {
			isa = PBXNativeTarget;
			buildConfigurationList = C247225C1EE935230092DF98 /* Build configuration list for PBXNativeTarget "MessageJudgeExt" */;
			buildPhases = (
				3517BC023D37ABD3DB663EF2 /* [CP] Check Pods Manifest.lock */,
				C247224F1EE935230092DF98 /* Sources */,
				C24722501EE935230092DF98 /* Frameworks */,
				C24722511EE935230092DF98 /* Resources */,
				BDDF6D66DC33CC4C46D3185F /* [CP] Copy Pods Resources */,
			);
			buildRules = (
			);
			dependencies = (
			);
			name = MessageJudgeExt;
			productName = MessageJudgeExt;
			productReference = C24722531EE935230092DF98 /* MessageJudgeExt.appex */;
			productType = "com.apple.product-type.app-extension";
		};
/* End PBXNativeTarget section */

/* Begin PBXProject section */
		C247222E1EE934EF0092DF98 /* Project object */ = {
			isa = PBXProject;
			attributes = {
				LastUpgradeCheck = 0900;
				ORGANIZATIONNAME = GeXiao;
				TargetAttributes = {
					C21D818D1EE9B7C80080F8CA = {
						CreatedOnToolsVersion = 9.0;
						TestTargetID = C24722351EE934EF0092DF98;
					};
					C24722351EE934EF0092DF98 = {
						CreatedOnToolsVersion = 9.0;
						SystemCapabilities = {
							com.apple.ApplicationGroups.iOS = {
								enabled = 1;
							};
						};
					};
					C24722521EE935230092DF98 = {
						CreatedOnToolsVersion = 9.0;
						SystemCapabilities = {
							com.apple.ApplicationGroups.iOS = {
								enabled = 1;
							};
						};
					};
				};
			};
			buildConfigurationList = C24722311EE934EF0092DF98 /* Build configuration list for PBXProject "MessageJudge" */;
			compatibilityVersion = "Xcode 8.0";
			developmentRegion = en;
			hasScannedForEncodings = 0;
			knownRegions = (
				en,
				Base,
			);
			mainGroup = C247222D1EE934EF0092DF98;
			productRefGroup = C24722371EE934EF0092DF98 /* Products */;
			projectDirPath = "";
			projectRoot = "";
			targets = (
				C24722351EE934EF0092DF98 /* MessageJudge */,
				C24722521EE935230092DF98 /* MessageJudgeExt */,
				C21D818D1EE9B7C80080F8CA /* MessageJudgeTests */,
			);
		};
/* End PBXProject section */

/* Begin PBXResourcesBuildPhase section */
		C21D818C1EE9B7C80080F8CA /* Resources */ = {
			isa = PBXResourcesBuildPhase;
			buildActionMask = 2147483647;
			files = (
			);
			runOnlyForDeploymentPostprocessing = 0;
		};
		C24722341EE934EF0092DF98 /* Resources */ = {
			isa = PBXResourcesBuildPhase;
			buildActionMask = 2147483647;
			files = (
				C20FD1DB1EED3E6800F14388 /* Localizable.strings in Resources */,
				C24722461EE934EF0092DF98 /* LaunchScreen.storyboard in Resources */,
				C20FD1D61EED3DC200F14388 /* InfoPlist.strings in Resources */,
				C24722431EE934EF0092DF98 /* Assets.xcassets in Resources */,
				C24722411EE934EF0092DF98 /* Main.storyboard in Resources */,
			);
			runOnlyForDeploymentPostprocessing = 0;
		};
		C24722511EE935230092DF98 /* Resources */ = {
			isa = PBXResourcesBuildPhase;
			buildActionMask = 2147483647;
			files = (
			);
			runOnlyForDeploymentPostprocessing = 0;
		};
/* End PBXResourcesBuildPhase section */

/* Begin PBXShellScriptBuildPhase section */
		005154BECC6244A1E99BAAD5 /* [CP] Embed Pods Frameworks */ = {
			isa = PBXShellScriptBuildPhase;
			buildActionMask = 2147483647;
			files = (
			);
			inputPaths = (
			);
			name = "[CP] Embed Pods Frameworks";
			outputPaths = (
			);
			runOnlyForDeploymentPostprocessing = 0;
			shellPath = /bin/sh;
			shellScript = "\"${SRCROOT}/Pods/Target Support Files/Pods-MessageJudgeTests/Pods-MessageJudgeTests-frameworks.sh\"\n";
			showEnvVarsInLog = 0;
		};
		0F58557ECF292049809C644A /* [CP] Copy Pods Resources */ = {
			isa = PBXShellScriptBuildPhase;
			buildActionMask = 2147483647;
			files = (
			);
			inputPaths = (
			);
			name = "[CP] Copy Pods Resources";
			outputPaths = (
			);
			runOnlyForDeploymentPostprocessing = 0;
			shellPath = /bin/sh;
			shellScript = "\"${SRCROOT}/Pods/Target Support Files/Pods-MessageJudgeTests/Pods-MessageJudgeTests-resources.sh\"\n";
			showEnvVarsInLog = 0;
		};
		3517BC023D37ABD3DB663EF2 /* [CP] Check Pods Manifest.lock */ = {
			isa = PBXShellScriptBuildPhase;
			buildActionMask = 2147483647;
			files = (
			);
			inputPaths = (
			);
			name = "[CP] Check Pods Manifest.lock";
			outputPaths = (
			);
			runOnlyForDeploymentPostprocessing = 0;
			shellPath = /bin/sh;
			shellScript = "diff \"${PODS_PODFILE_DIR_PATH}/Podfile.lock\" \"${PODS_ROOT}/Manifest.lock\" > /dev/null\nif [ $? != 0 ] ; then\n    # print error to STDERR\n    echo \"error: The sandbox is not in sync with the Podfile.lock. Run 'pod install' or update your CocoaPods installation.\" >&2\n    exit 1\nfi\n";
			showEnvVarsInLog = 0;
		};
		B2B24DCD603E99C45F2E0352 /* [CP] Embed Pods Frameworks */ = {
			isa = PBXShellScriptBuildPhase;
			buildActionMask = 2147483647;
			files = (
			);
			inputPaths = (
			);
			name = "[CP] Embed Pods Frameworks";
			outputPaths = (
			);
			runOnlyForDeploymentPostprocessing = 0;
			shellPath = /bin/sh;
			shellScript = "\"${SRCROOT}/Pods/Target Support Files/Pods-MessageJudge/Pods-MessageJudge-frameworks.sh\"\n";
			showEnvVarsInLog = 0;
		};
		BDDF6D66DC33CC4C46D3185F /* [CP] Copy Pods Resources */ = {
			isa = PBXShellScriptBuildPhase;
			buildActionMask = 2147483647;
			files = (
			);
			inputPaths = (
			);
			name = "[CP] Copy Pods Resources";
			outputPaths = (
			);
			runOnlyForDeploymentPostprocessing = 0;
			shellPath = /bin/sh;
			shellScript = "\"${SRCROOT}/Pods/Target Support Files/Pods-MessageJudgeExt/Pods-MessageJudgeExt-resources.sh\"\n";
			showEnvVarsInLog = 0;
		};
		D1B0EAC98F8D400DFC6BAC12 /* [CP] Copy Pods Resources */ = {
			isa = PBXShellScriptBuildPhase;
			buildActionMask = 2147483647;
			files = (
			);
			inputPaths = (
			);
			name = "[CP] Copy Pods Resources";
			outputPaths = (
			);
			runOnlyForDeploymentPostprocessing = 0;
			shellPath = /bin/sh;
			shellScript = "\"${SRCROOT}/Pods/Target Support Files/Pods-MessageJudge/Pods-MessageJudge-resources.sh\"\n";
			showEnvVarsInLog = 0;
		};
		ECFDB7DB0C734C7A4E660518 /* [CP] Check Pods Manifest.lock */ = {
			isa = PBXShellScriptBuildPhase;
			buildActionMask = 2147483647;
			files = (
			);
			inputPaths = (
			);
			name = "[CP] Check Pods Manifest.lock";
			outputPaths = (
			);
			runOnlyForDeploymentPostprocessing = 0;
			shellPath = /bin/sh;
			shellScript = "diff \"${PODS_PODFILE_DIR_PATH}/Podfile.lock\" \"${PODS_ROOT}/Manifest.lock\" > /dev/null\nif [ $? != 0 ] ; then\n    # print error to STDERR\n    echo \"error: The sandbox is not in sync with the Podfile.lock. Run 'pod install' or update your CocoaPods installation.\" >&2\n    exit 1\nfi\n";
			showEnvVarsInLog = 0;
		};
		FA95E3DE357C7FDDFAE75D95 /* [CP] Check Pods Manifest.lock */ = {
			isa = PBXShellScriptBuildPhase;
			buildActionMask = 2147483647;
			files = (
			);
			inputPaths = (
			);
			name = "[CP] Check Pods Manifest.lock";
			outputPaths = (
			);
			runOnlyForDeploymentPostprocessing = 0;
			shellPath = /bin/sh;
			shellScript = "diff \"${PODS_PODFILE_DIR_PATH}/Podfile.lock\" \"${PODS_ROOT}/Manifest.lock\" > /dev/null\nif [ $? != 0 ] ; then\n    # print error to STDERR\n    echo \"error: The sandbox is not in sync with the Podfile.lock. Run 'pod install' or update your CocoaPods installation.\" >&2\n    exit 1\nfi\n";
			showEnvVarsInLog = 0;
		};
/* End PBXShellScriptBuildPhase section */

/* Begin PBXSourcesBuildPhase section */
		C21D818A1EE9B7C80080F8CA /* Sources */ = {
			isa = PBXSourcesBuildPhase;
			buildActionMask = 2147483647;
			files = (
				C24034FE1EE9C14900AE3122 /* MJCondition.m in Sources */,
				C24034FF1EE9C4A500AE3122 /* MJConditionGroup.m in Sources */,
				C24035001EE9C4A800AE3122 /* MJJudgementRule.m in Sources */,
				C21D81911EE9B7C80080F8CA /* MessageJudgeTests.m in Sources */,
				C227FC9D1EEA87B6008B6F2F /* MJQueryRequest.m in Sources */,
			);
			runOnlyForDeploymentPostprocessing = 0;
		};
		C24722321EE934EF0092DF98 /* Sources */ = {
			isa = PBXSourcesBuildPhase;
			buildActionMask = 2147483647;
			files = (
				C227FC9B1EEA87B6008B6F2F /* MJQueryRequest.m in Sources */,
				C24722491EE934EF0092DF98 /* main.m in Sources */,
				C2E6CD611EED362D00167420 /* MJGroupListViewController.m in Sources */,
				C293E3181EE9625800195831 /* MJJudgementRule.m in Sources */,
				C293E31B1EE962BB00195831 /* MJCondition.m in Sources */,
				C21FDFEF1EED74BC006B7CCB /* MJGroupViewController.m in Sources */,
				C29321BC1EED433200D60C4B /* MJGroupCell.m in Sources */,
				C2A7412D1EEDB58600D8BCDF /* MJConditionViewController.m in Sources */,
				C21FDFF21EED77B4006B7CCB /* MJConditionCell.m in Sources */,
				C293E31E1EE9799200195831 /* MJConditionGroup.m in Sources */,
				C247223B1EE934EF0092DF98 /* AppDelegate.m in Sources */,
				C2978F8D1EE9D4AD00A57597 /* MJTabBarController.m in Sources */,
			);
			runOnlyForDeploymentPostprocessing = 0;
		};
		C247224F1EE935230092DF98 /* Sources */ = {
			isa = PBXSourcesBuildPhase;
			buildActionMask = 2147483647;
			files = (
				C2CEAA171EE98399005E9E33 /* MJCondition.m in Sources */,
				C24722571EE935230092DF98 /* MessageFilterExtension.m in Sources */,
				C227FC9C1EEA87B6008B6F2F /* MJQueryRequest.m in Sources */,
				C2CEAA151EE98393005E9E33 /* MJJudgementRule.m in Sources */,
				C2CEAA161EE98397005E9E33 /* MJConditionGroup.m in Sources */,
			);
			runOnlyForDeploymentPostprocessing = 0;
		};
/* End PBXSourcesBuildPhase section */

/* Begin PBXTargetDependency section */
		C21D81941EE9B7C80080F8CA /* PBXTargetDependency */ = {
			isa = PBXTargetDependency;
			target = C24722351EE934EF0092DF98 /* MessageJudge */;
			targetProxy = C21D81931EE9B7C80080F8CA /* PBXContainerItemProxy */;
		};
		C247225A1EE935230092DF98 /* PBXTargetDependency */ = {
			isa = PBXTargetDependency;
			target = C24722521EE935230092DF98 /* MessageJudgeExt */;
			targetProxy = C24722591EE935230092DF98 /* PBXContainerItemProxy */;
		};
/* End PBXTargetDependency section */

/* Begin PBXVariantGroup section */
		C20FD1D81EED3DC200F14388 /* InfoPlist.strings */ = {
			isa = PBXVariantGroup;
			children = (
				C20FD1D71EED3DC200F14388 /* zh-Hans */,
			);
			name = InfoPlist.strings;
			sourceTree = "<group>";
		};
		C20FD1DD1EED3E6800F14388 /* Localizable.strings */ = {
			isa = PBXVariantGroup;
			children = (
				C20FD1DC1EED3E6800F14388 /* zh-Hans */,
			);
			name = Localizable.strings;
			sourceTree = "<group>";
		};
		C247223F1EE934EF0092DF98 /* Main.storyboard */ = {
			isa = PBXVariantGroup;
			children = (
				C24722401EE934EF0092DF98 /* Base */,
			);
			name = Main.storyboard;
			sourceTree = "<group>";
		};
		C24722441EE934EF0092DF98 /* LaunchScreen.storyboard */ = {
			isa = PBXVariantGroup;
			children = (
				C24722451EE934EF0092DF98 /* Base */,
				C20FD1D21EED3C6A00F14388 /* zh-Hans */,
			);
			name = LaunchScreen.storyboard;
			sourceTree = "<group>";
		};
/* End PBXVariantGroup section */

/* Begin XCBuildConfiguration section */
		C21D81951EE9B7C80080F8CA /* Debug */ = {
			isa = XCBuildConfiguration;
			baseConfigurationReference = 194404AE92DF5356DB6E383C /* Pods-MessageJudgeTests.debug.xcconfig */;
			buildSettings = {
				DEVELOPMENT_TEAM = 49T9LAUZ2T;
				INFOPLIST_FILE = MessageJudgeTests/Info.plist;
				LD_RUNPATH_SEARCH_PATHS = "$(inherited) @executable_path/Frameworks @loader_path/Frameworks";
				PRODUCT_BUNDLE_IDENTIFIER = me.gexiao.MessageJudgeTests;
				PRODUCT_NAME = "$(TARGET_NAME)";
				TARGETED_DEVICE_FAMILY = "1,2";
				TEST_HOST = "$(BUILT_PRODUCTS_DIR)/MessageJudge.app/MessageJudge";
			};
			name = Debug;
		};
		C21D81961EE9B7C80080F8CA /* Release */ = {
			isa = XCBuildConfiguration;
			baseConfigurationReference = 7E6F4C471C074B968F5D7C57 /* Pods-MessageJudgeTests.release.xcconfig */;
			buildSettings = {
				DEVELOPMENT_TEAM = 49T9LAUZ2T;
				INFOPLIST_FILE = MessageJudgeTests/Info.plist;
				LD_RUNPATH_SEARCH_PATHS = "$(inherited) @executable_path/Frameworks @loader_path/Frameworks";
				PRODUCT_BUNDLE_IDENTIFIER = me.gexiao.MessageJudgeTests;
				PRODUCT_NAME = "$(TARGET_NAME)";
				TARGETED_DEVICE_FAMILY = "1,2";
				TEST_HOST = "$(BUILT_PRODUCTS_DIR)/MessageJudge.app/MessageJudge";
			};
			name = Release;
		};
		C247224A1EE934EF0092DF98 /* Debug */ = {
			isa = XCBuildConfiguration;
			buildSettings = {
				ALWAYS_SEARCH_USER_PATHS = NO;
				CLANG_ANALYZER_LOCALIZABILITY_NONLOCALIZED = YES;
				CLANG_ANALYZER_NONNULL = YES;
				CLANG_ANALYZER_NUMBER_OBJECT_CONVERSION = YES_AGGRESSIVE;
				CLANG_CXX_LANGUAGE_STANDARD = "gnu++14";
				CLANG_CXX_LIBRARY = "libc++";
				CLANG_ENABLE_MODULES = YES;
				CLANG_ENABLE_OBJC_ARC = YES;
				CLANG_WARN_BLOCK_CAPTURE_AUTORELEASING = YES;
				CLANG_WARN_BOOL_CONVERSION = YES;
				CLANG_WARN_COMMA = YES;
				CLANG_WARN_CONSTANT_CONVERSION = YES;
				CLANG_WARN_DIRECT_OBJC_ISA_USAGE = YES_ERROR;
				CLANG_WARN_DOCUMENTATION_COMMENTS = YES;
				CLANG_WARN_EMPTY_BODY = YES;
				CLANG_WARN_ENUM_CONVERSION = YES;
				CLANG_WARN_INFINITE_RECURSION = YES;
				CLANG_WARN_INT_CONVERSION = YES;
				CLANG_WARN_NON_LITERAL_NULL_CONVERSION = YES;
				CLANG_WARN_OBJC_LITERAL_CONVERSION = YES;
				CLANG_WARN_OBJC_ROOT_CLASS = YES_ERROR;
				CLANG_WARN_RANGE_LOOP_ANALYSIS = YES;
				CLANG_WARN_STRICT_PROTOTYPES = YES;
				CLANG_WARN_SUSPICIOUS_MOVE = YES;
				CLANG_WARN_UNGUARDED_AVAILABILITY = YES_AGGRESSIVE;
				CLANG_WARN_UNREACHABLE_CODE = YES;
				CLANG_WARN__DUPLICATE_METHOD_MATCH = YES;
				CODE_SIGN_IDENTITY = "iPhone Developer";
				COPY_PHASE_STRIP = NO;
				DEBUG_INFORMATION_FORMAT = dwarf;
				ENABLE_STRICT_OBJC_MSGSEND = YES;
				ENABLE_TESTABILITY = YES;
				GCC_C_LANGUAGE_STANDARD = gnu11;
				GCC_DYNAMIC_NO_PIC = NO;
				GCC_NO_COMMON_BLOCKS = YES;
				GCC_OPTIMIZATION_LEVEL = 0;
				GCC_PREPROCESSOR_DEFINITIONS = (
					"DEBUG=1",
					"$(inherited)",
				);
				GCC_WARN_64_TO_32_BIT_CONVERSION = YES;
				GCC_WARN_ABOUT_RETURN_TYPE = YES_ERROR;
				GCC_WARN_UNDECLARED_SELECTOR = YES;
				GCC_WARN_UNINITIALIZED_AUTOS = YES_AGGRESSIVE;
				GCC_WARN_UNUSED_FUNCTION = YES;
				GCC_WARN_UNUSED_VARIABLE = YES;
				IPHONEOS_DEPLOYMENT_TARGET = 11.0;
				MTL_ENABLE_DEBUG_INFO = YES;
				ONLY_ACTIVE_ARCH = YES;
				SDKROOT = iphoneos;
			};
			name = Debug;
		};
		C247224B1EE934EF0092DF98 /* Release */ = {
			isa = XCBuildConfiguration;
			buildSettings = {
				ALWAYS_SEARCH_USER_PATHS = NO;
				CLANG_ANALYZER_LOCALIZABILITY_NONLOCALIZED = YES;
				CLANG_ANALYZER_NONNULL = YES;
				CLANG_ANALYZER_NUMBER_OBJECT_CONVERSION = YES_AGGRESSIVE;
				CLANG_CXX_LANGUAGE_STANDARD = "gnu++14";
				CLANG_CXX_LIBRARY = "libc++";
				CLANG_ENABLE_MODULES = YES;
				CLANG_ENABLE_OBJC_ARC = YES;
				CLANG_WARN_BLOCK_CAPTURE_AUTORELEASING = YES;
				CLANG_WARN_BOOL_CONVERSION = YES;
				CLANG_WARN_COMMA = YES;
				CLANG_WARN_CONSTANT_CONVERSION = YES;
				CLANG_WARN_DIRECT_OBJC_ISA_USAGE = YES_ERROR;
				CLANG_WARN_DOCUMENTATION_COMMENTS = YES;
				CLANG_WARN_EMPTY_BODY = YES;
				CLANG_WARN_ENUM_CONVERSION = YES;
				CLANG_WARN_INFINITE_RECURSION = YES;
				CLANG_WARN_INT_CONVERSION = YES;
				CLANG_WARN_NON_LITERAL_NULL_CONVERSION = YES;
				CLANG_WARN_OBJC_LITERAL_CONVERSION = YES;
				CLANG_WARN_OBJC_ROOT_CLASS = YES_ERROR;
				CLANG_WARN_RANGE_LOOP_ANALYSIS = YES;
				CLANG_WARN_STRICT_PROTOTYPES = YES;
				CLANG_WARN_SUSPICIOUS_MOVE = YES;
				CLANG_WARN_UNGUARDED_AVAILABILITY = YES_AGGRESSIVE;
				CLANG_WARN_UNREACHABLE_CODE = YES;
				CLANG_WARN__DUPLICATE_METHOD_MATCH = YES;
				CODE_SIGN_IDENTITY = "iPhone Developer";
				COPY_PHASE_STRIP = NO;
				DEBUG_INFORMATION_FORMAT = "dwarf-with-dsym";
				ENABLE_NS_ASSERTIONS = NO;
				ENABLE_STRICT_OBJC_MSGSEND = YES;
				GCC_C_LANGUAGE_STANDARD = gnu11;
				GCC_NO_COMMON_BLOCKS = YES;
				GCC_WARN_64_TO_32_BIT_CONVERSION = YES;
				GCC_WARN_ABOUT_RETURN_TYPE = YES_ERROR;
				GCC_WARN_UNDECLARED_SELECTOR = YES;
				GCC_WARN_UNINITIALIZED_AUTOS = YES_AGGRESSIVE;
				GCC_WARN_UNUSED_FUNCTION = YES;
				GCC_WARN_UNUSED_VARIABLE = YES;
				IPHONEOS_DEPLOYMENT_TARGET = 11.0;
				MTL_ENABLE_DEBUG_INFO = NO;
				SDKROOT = iphoneos;
				VALIDATE_PRODUCT = YES;
			};
			name = Release;
		};
		C247224D1EE934EF0092DF98 /* Debug */ = {
			isa = XCBuildConfiguration;
			baseConfigurationReference = 2C3B29E810D7ABD3DB9C754A /* Pods-MessageJudge.debug.xcconfig */;
			buildSettings = {
				ASSETCATALOG_COMPILER_APPICON_NAME = AppIcon;
				CODE_SIGN_ENTITLEMENTS = MessageJudge/MessageJudge.entitlements;
				DEVELOPMENT_TEAM = 49T9LAUZ2T;
				INFOPLIST_FILE = MessageJudge/Info.plist;
				IPHONEOS_DEPLOYMENT_TARGET = 11.0;
				LD_RUNPATH_SEARCH_PATHS = "$(inherited) @executable_path/Frameworks";
				PRODUCT_BUNDLE_IDENTIFIER = me.gexiao.MessageJudge;
				PRODUCT_NAME = "$(TARGET_NAME)";
				TARGETED_DEVICE_FAMILY = 1;
			};
			name = Debug;
		};
		C247224E1EE934EF0092DF98 /* Release */ = {
			isa = XCBuildConfiguration;
			baseConfigurationReference = 9E55E87D19FA86B45642946F /* Pods-MessageJudge.release.xcconfig */;
			buildSettings = {
				ASSETCATALOG_COMPILER_APPICON_NAME = AppIcon;
				CODE_SIGN_ENTITLEMENTS = MessageJudge/MessageJudge.entitlements;
				DEVELOPMENT_TEAM = 49T9LAUZ2T;
				INFOPLIST_FILE = MessageJudge/Info.plist;
				IPHONEOS_DEPLOYMENT_TARGET = 11.0;
				LD_RUNPATH_SEARCH_PATHS = "$(inherited) @executable_path/Frameworks";
				PRODUCT_BUNDLE_IDENTIFIER = me.gexiao.MessageJudge;
				PRODUCT_NAME = "$(TARGET_NAME)";
				TARGETED_DEVICE_FAMILY = 1;
			};
			name = Release;
		};
		C247225D1EE935230092DF98 /* Debug */ = {
			isa = XCBuildConfiguration;
			baseConfigurationReference = 24AC430F2634549108DBF174 /* Pods-MessageJudgeExt.debug.xcconfig */;
			buildSettings = {
				CODE_SIGN_ENTITLEMENTS = MessageJudgeExt/MessageJudgeExt.entitlements;
				DEVELOPMENT_TEAM = 49T9LAUZ2T;
				INFOPLIST_FILE = MessageJudgeExt/Info.plist;
				IPHONEOS_DEPLOYMENT_TARGET = 11.0;
				LD_RUNPATH_SEARCH_PATHS = "$(inherited) @executable_path/Frameworks @executable_path/../../Frameworks";
				PRODUCT_BUNDLE_IDENTIFIER = me.gexiao.MessageJudge.MessageJudgeExt;
				PRODUCT_NAME = "$(TARGET_NAME)";
				SKIP_INSTALL = YES;
				TARGETED_DEVICE_FAMILY = 1;
			};
			name = Debug;
		};
		C247225E1EE935230092DF98 /* Release */ = {
			isa = XCBuildConfiguration;
			baseConfigurationReference = CAEFF1AF207FD034D49CC218 /* Pods-MessageJudgeExt.release.xcconfig */;
			buildSettings = {
				CODE_SIGN_ENTITLEMENTS = MessageJudgeExt/MessageJudgeExt.entitlements;
				DEVELOPMENT_TEAM = 49T9LAUZ2T;
				INFOPLIST_FILE = MessageJudgeExt/Info.plist;
				IPHONEOS_DEPLOYMENT_TARGET = 11.0;
				LD_RUNPATH_SEARCH_PATHS = "$(inherited) @executable_path/Frameworks @executable_path/../../Frameworks";
				PRODUCT_BUNDLE_IDENTIFIER = me.gexiao.MessageJudge.MessageJudgeExt;
				PRODUCT_NAME = "$(TARGET_NAME)";
				SKIP_INSTALL = YES;
				TARGETED_DEVICE_FAMILY = 1;
			};
			name = Release;
		};
/* End XCBuildConfiguration section */

/* Begin XCConfigurationList section */
		C21D81971EE9B7C80080F8CA /* Build configuration list for PBXNativeTarget "MessageJudgeTests" */ = {
			isa = XCConfigurationList;
			buildConfigurations = (
				C21D81951EE9B7C80080F8CA /* Debug */,
				C21D81961EE9B7C80080F8CA /* Release */,
			);
			defaultConfigurationIsVisible = 0;
			defaultConfigurationName = Release;
		};
		C24722311EE934EF0092DF98 /* Build configuration list for PBXProject "MessageJudge" */ = {
			isa = XCConfigurationList;
			buildConfigurations = (
				C247224A1EE934EF0092DF98 /* Debug */,
				C247224B1EE934EF0092DF98 /* Release */,
			);
			defaultConfigurationIsVisible = 0;
			defaultConfigurationName = Release;
		};
		C247224C1EE934EF0092DF98 /* Build configuration list for PBXNativeTarget "MessageJudge" */ = {
			isa = XCConfigurationList;
			buildConfigurations = (
				C247224D1EE934EF0092DF98 /* Debug */,
				C247224E1EE934EF0092DF98 /* Release */,
			);
			defaultConfigurationIsVisible = 0;
			defaultConfigurationName = Release;
		};
		C247225C1EE935230092DF98 /* Build configuration list for PBXNativeTarget "MessageJudgeExt" */ = {
			isa = XCConfigurationList;
			buildConfigurations = (
				C247225D1EE935230092DF98 /* Debug */,
				C247225E1EE935230092DF98 /* Release */,
			);
			defaultConfigurationIsVisible = 0;
			defaultConfigurationName = Release;
		};
/* End XCConfigurationList section */
	};
	rootObject = C247222E1EE934EF0092DF98 /* Project object */;
}
